<Solution>
  <Project Path="LoafNCatting.Application/LoafNCatting.Application.csproj" />
  <Project Path="LoafNCatting.Infrastructure/LoafNCatting.Infrastructure.csproj" />
  <Project Path="LoafNCatting.Persistence/LoafNCatting.Persistence.csproj" />
  <Project Path="LoafNCatting.WebApi/LoafNCatting.WebApi.csproj" />
</Solution>
